// !$*UTF8*$!
{
	archiveVersion = 1;
	classes = {
	};
	objectVersion = 46;
	objects = {

/* Begin PBXBuildFile section */
		1873B6E21B4CDFD900B5E1AE /* VerticalViewCell.m in Sources */ = {isa = PBXBuildFile; fileRef = 1873B6E01B4CDFD900B5E1AE /* VerticalViewCell.m */; };
		1873B6E31B4CDFD900B5E1AE /* VerticalViewCell.xib in Resources */ = {isa = PBXBuildFile; fileRef = 1873B6E11B4CDFD900B5E1AE /* VerticalViewCell.xib */; };
		18C744751B46F25000FAAC12 /* TabBarViewController.m in Sources */ = {isa = PBXBuildFile; fileRef = 18C744741B46F25000FAAC12 /* TabBarViewController.m */; };
		18C744791B46F2A900FAAC12 /* ERPViewController.m in Sources */ = {isa = PBXBuildFile; fileRef = 18C744771B46F2A900FAAC12 /* ERPViewController.m */; };
		18C7447A1B46F2A900FAAC12 /* ERPViewController.xib in Resources */ = {isa = PBXBuildFile; fileRef = 18C744781B46F2A900FAAC12 /* ERPViewController.xib */; };
		18C744841B46F3FF00FAAC12 /* DiscoveryViewController.m in Sources */ = {isa = PBXBuildFile; fileRef = 18C744821B46F3FF00FAAC12 /* DiscoveryViewController.m */; };
		18C744851B46F3FF00FAAC12 /* DiscoveryViewController.xib in Resources */ = {isa = PBXBuildFile; fileRef = 18C744831B46F3FF00FAAC12 /* DiscoveryViewController.xib */; };
		18C7448C1B46F42400FAAC12 /* MineViewController.m in Sources */ = {isa = PBXBuildFile; fileRef = 18C7448A1B46F42400FAAC12 /* MineViewController.m */; };
		18C7448D1B46F42400FAAC12 /* MineViewController.xib in Resources */ = {isa = PBXBuildFile; fileRef = 18C7448B1B46F42400FAAC12 /* MineViewController.xib */; };
		5DA5EFC3486DB763A62D0011 /* libPods.a in Frameworks */ = {isa = PBXBuildFile; fileRef = 7F80B9DAA5891B616BB885AB /* libPods.a */; };
		FA29926F1B4A85A40088DC7E /* CourseListView.m in Sources */ = {isa = PBXBuildFile; fileRef = FA29926E1B4A85A40088DC7E /* CourseListView.m */; };
		FA2992731B4AA5510088DC7E /* CourseListView56.xib in Resources */ = {isa = PBXBuildFile; fileRef = FA2992721B4AA5510088DC7E /* CourseListView56.xib */; };
		FA2992751B4AA5EA0088DC7E /* CourseListView67.xib in Resources */ = {isa = PBXBuildFile; fileRef = FA2992741B4AA5EA0088DC7E /* CourseListView67.xib */; };
		FA2B31491B4BC5F600C040BD /* SectionView.m in Sources */ = {isa = PBXBuildFile; fileRef = FA2B31481B4BC5F600C040BD /* SectionView.m */; };
		FA2B314B1B4BC60B00C040BD /* SectionView.xib in Resources */ = {isa = PBXBuildFile; fileRef = FA2B314A1B4BC60B00C040BD /* SectionView.xib */; };
		FA2B314E1B4C02E900C040BD /* WeekDayButton.m in Sources */ = {isa = PBXBuildFile; fileRef = FA2B314D1B4C02E900C040BD /* WeekDayButton.m */; };
		FA2B31501B4C030500C040BD /* WeekDayButton.xib in Resources */ = {isa = PBXBuildFile; fileRef = FA2B314F1B4C030500C040BD /* WeekDayButton.xib */; };
		FA41B0111B4667BC0043A439 /* main.m in Sources */ = {isa = PBXBuildFile; fileRef = FA41B0101B4667BC0043A439 /* main.m */; };
		FA41B0141B4667BC0043A439 /* AppDelegate.m in Sources */ = {isa = PBXBuildFile; fileRef = FA41B0131B4667BC0043A439 /* AppDelegate.m */; };
		FA41B01A1B4667BC0043A439 /* Main.storyboard in Resources */ = {isa = PBXBuildFile; fileRef = FA41B0181B4667BC0043A439 /* Main.storyboard */; };
		FA41B01C1B4667BC0043A439 /* Images.xcassets in Resources */ = {isa = PBXBuildFile; fileRef = FA41B01B1B4667BC0043A439 /* Images.xcassets */; };
		FA41B01F1B4667BC0043A439 /* LaunchScreen.xib in Resources */ = {isa = PBXBuildFile; fileRef = FA41B01D1B4667BC0043A439 /* LaunchScreen.xib */; };
		FA41B02B1B4667BC0043A439 /* ssdutAssistantTests.m in Sources */ = {isa = PBXBuildFile; fileRef = FA41B02A1B4667BC0043A439 /* ssdutAssistantTests.m */; };
		FA5B71D41B4781DE00F6870C /* BigTableViewCell.m in Sources */ = {isa = PBXBuildFile; fileRef = FA5B71D21B4781DE00F6870C /* BigTableViewCell.m */; };
		FA5B71D51B4781DE00F6870C /* BigTableViewCell.xib in Resources */ = {isa = PBXBuildFile; fileRef = FA5B71D31B4781DE00F6870C /* BigTableViewCell.xib */; };
		FA5B71D91B4781F400F6870C /* SmallTableViewCell.m in Sources */ = {isa = PBXBuildFile; fileRef = FA5B71D71B4781F400F6870C /* SmallTableViewCell.m */; };
		FA5B71DA1B4781F400F6870C /* SmallTableViewCell.xib in Resources */ = {isa = PBXBuildFile; fileRef = FA5B71D81B4781F400F6870C /* SmallTableViewCell.xib */; };
		FA5B71DE1B47841500F6870C /* EmptyTableViewCell.m in Sources */ = {isa = PBXBuildFile; fileRef = FA5B71DC1B47841500F6870C /* EmptyTableViewCell.m */; };
		FA5B71DF1B47841500F6870C /* EmptyTableViewCell.xib in Resources */ = {isa = PBXBuildFile; fileRef = FA5B71DD1B47841500F6870C /* EmptyTableViewCell.xib */; };
		FA5B71E31B47AB4700F6870C /* UITableView+Register.m in Sources */ = {isa = PBXBuildFile; fileRef = FA5B71E21B47AB4700F6870C /* UITableView+Register.m */; };
		FA5B71EA1B47DFC500F6870C /* ERPCourseViewController.m in Sources */ = {isa = PBXBuildFile; fileRef = FA5B71E81B47DFC500F6870C /* ERPCourseViewController.m */; };
		FA5B71F01B4809A600F6870C /* ERPLibraryViewController.m in Sources */ = {isa = PBXBuildFile; fileRef = FA5B71EE1B4809A500F6870C /* ERPLibraryViewController.m */; };
		FA5B71F11B4809A600F6870C /* ERPLibraryViewController.xib in Resources */ = {isa = PBXBuildFile; fileRef = FA5B71EF1B4809A600F6870C /* ERPLibraryViewController.xib */; };
		FA5B71FA1B480A5900F6870C /* ERPScoreViewController.m in Sources */ = {isa = PBXBuildFile; fileRef = FA5B71F81B480A5900F6870C /* ERPScoreViewController.m */; };
		FA5B71FB1B480A5900F6870C /* ERPScoreViewController.xib in Resources */ = {isa = PBXBuildFile; fileRef = FA5B71F91B480A5900F6870C /* ERPScoreViewController.xib */; };
		FA5B71FF1B480A7700F6870C /* ERPExamViewController.m in Sources */ = {isa = PBXBuildFile; fileRef = FA5B71FD1B480A7700F6870C /* ERPExamViewController.m */; };
		FA5B72001B480A7700F6870C /* ERPExamViewController.xib in Resources */ = {isa = PBXBuildFile; fileRef = FA5B71FE1B480A7700F6870C /* ERPExamViewController.xib */; };
		FA5B72041B480A8900F6870C /* ERPDUTViewController.m in Sources */ = {isa = PBXBuildFile; fileRef = FA5B72021B480A8900F6870C /* ERPDUTViewController.m */; };
		FA5B72051B480A8900F6870C /* ERPDUTViewController.xib in Resources */ = {isa = PBXBuildFile; fileRef = FA5B72031B480A8900F6870C /* ERPDUTViewController.xib */; };
		FA5B72091B480A9B00F6870C /* ERPSSDUTViewController.m in Sources */ = {isa = PBXBuildFile; fileRef = FA5B72071B480A9B00F6870C /* ERPSSDUTViewController.m */; };
		FA5B720A1B480A9B00F6870C /* ERPSSDUTViewController.xib in Resources */ = {isa = PBXBuildFile; fileRef = FA5B72081B480A9B00F6870C /* ERPSSDUTViewController.xib */; };
		FA5B720E1B480AB300F6870C /* ERPNoticeViewController.m in Sources */ = {isa = PBXBuildFile; fileRef = FA5B720C1B480AB300F6870C /* ERPNoticeViewController.m */; };
		FA5B720F1B480AB300F6870C /* ERPNoticeViewController.xib in Resources */ = {isa = PBXBuildFile; fileRef = FA5B720D1B480AB300F6870C /* ERPNoticeViewController.xib */; };
/* End PBXBuildFile section */

/* Begin PBXContainerItemProxy section */
		FA41B0251B4667BC0043A439 /* PBXContainerItemProxy */ = {
			isa = PBXContainerItemProxy;
			containerPortal = FA41B0031B4667BC0043A439 /* Project object */;
			proxyType = 1;
			remoteGlobalIDString = FA41B00A1B4667BC0043A439;
			remoteInfo = ssdutAssistant;
		};
/* End PBXContainerItemProxy section */

/* Begin PBXFileReference section */
		1873B6DF1B4CDFD900B5E1AE /* VerticalViewCell.h */ = {isa = PBXFileReference; fileEncoding = 4; lastKnownFileType = sourcecode.c.h; path = VerticalViewCell.h; sourceTree = "<group>"; };
		1873B6E01B4CDFD900B5E1AE /* VerticalViewCell.m */ = {isa = PBXFileReference; fileEncoding = 4; lastKnownFileType = sourcecode.c.objc; path = VerticalViewCell.m; sourceTree = "<group>"; };
		1873B6E11B4CDFD900B5E1AE /* VerticalViewCell.xib */ = {isa = PBXFileReference; fileEncoding = 4; lastKnownFileType = file.xib; path = VerticalViewCell.xib; sourceTree = "<group>"; };
		18C7446B1B46E7B400FAAC12 /* PrefixHeader.pch */ = {isa = PBXFileReference; fileEncoding = 4; lastKnownFileType = sourcecode.c.h; path = PrefixHeader.pch; sourceTree = "<group>"; };
		18C744721B46F04800FAAC12 /* Global.h */ = {isa = PBXFileReference; fileEncoding = 4; lastKnownFileType = sourcecode.c.h; path = Global.h; sourceTree = "<group>"; };
		18C744731B46F25000FAAC12 /* TabBarViewController.h */ = {isa = PBXFileReference; fileEncoding = 4; lastKnownFileType = sourcecode.c.h; path = TabBarViewController.h; sourceTree = "<group>"; };
		18C744741B46F25000FAAC12 /* TabBarViewController.m */ = {isa = PBXFileReference; fileEncoding = 4; lastKnownFileType = sourcecode.c.objc; path = TabBarViewController.m; sourceTree = "<group>"; };
		18C744761B46F2A900FAAC12 /* ERPViewController.h */ = {isa = PBXFileReference; fileEncoding = 4; lastKnownFileType = sourcecode.c.h; path = ERPViewController.h; sourceTree = "<group>"; };
		18C744771B46F2A900FAAC12 /* ERPViewController.m */ = {isa = PBXFileReference; fileEncoding = 4; lastKnownFileType = sourcecode.c.objc; path = ERPViewController.m; sourceTree = "<group>"; };
		18C744781B46F2A900FAAC12 /* ERPViewController.xib */ = {isa = PBXFileReference; fileEncoding = 4; lastKnownFileType = file.xib; path = ERPViewController.xib; sourceTree = "<group>"; };
		18C744811B46F3FF00FAAC12 /* DiscoveryViewController.h */ = {isa = PBXFileReference; fileEncoding = 4; lastKnownFileType = sourcecode.c.h; path = DiscoveryViewController.h; sourceTree = "<group>"; };
		18C744821B46F3FF00FAAC12 /* DiscoveryViewController.m */ = {isa = PBXFileReference; fileEncoding = 4; lastKnownFileType = sourcecode.c.objc; path = DiscoveryViewController.m; sourceTree = "<group>"; };
		18C744831B46F3FF00FAAC12 /* DiscoveryViewController.xib */ = {isa = PBXFileReference; fileEncoding = 4; lastKnownFileType = file.xib; path = DiscoveryViewController.xib; sourceTree = "<group>"; };
		18C744891B46F42400FAAC12 /* MineViewController.h */ = {isa = PBXFileReference; fileEncoding = 4; lastKnownFileType = sourcecode.c.h; path = MineViewController.h; sourceTree = "<group>"; };
		18C7448A1B46F42400FAAC12 /* MineViewController.m */ = {isa = PBXFileReference; fileEncoding = 4; lastKnownFileType = sourcecode.c.objc; path = MineViewController.m; sourceTree = "<group>"; };
		18C7448B1B46F42400FAAC12 /* MineViewController.xib */ = {isa = PBXFileReference; fileEncoding = 4; lastKnownFileType = file.xib; path = MineViewController.xib; sourceTree = "<group>"; };
		7F80B9DAA5891B616BB885AB /* libPods.a */ = {isa = PBXFileReference; explicitFileType = archive.ar; includeInIndex = 0; path = libPods.a; sourceTree = BUILT_PRODUCTS_DIR; };
		97BF9F495517C0E0041B4FF3 /* Pods.debug.xcconfig */ = {isa = PBXFileReference; includeInIndex = 1; lastKnownFileType = text.xcconfig; name = Pods.debug.xcconfig; path = "Pods/Target Support Files/Pods/Pods.debug.xcconfig"; sourceTree = "<group>"; };
		B86CB6CD495D749AEDC5F8D4 /* Pods.release.xcconfig */ = {isa = PBXFileReference; includeInIndex = 1; lastKnownFileType = text.xcconfig; name = Pods.release.xcconfig; path = "Pods/Target Support Files/Pods/Pods.release.xcconfig"; sourceTree = "<group>"; };
		FA29926D1B4A85A40088DC7E /* CourseListView.h */ = {isa = PBXFileReference; fileEncoding = 4; lastKnownFileType = sourcecode.c.h; path = CourseListView.h; sourceTree = "<group>"; };
		FA29926E1B4A85A40088DC7E /* CourseListView.m */ = {isa = PBXFileReference; fileEncoding = 4; lastKnownFileType = sourcecode.c.objc; path = CourseListView.m; sourceTree = "<group>"; };
		FA2992721B4AA5510088DC7E /* CourseListView56.xib */ = {isa = PBXFileReference; fileEncoding = 4; lastKnownFileType = file.xib; path = CourseListView56.xib; sourceTree = "<group>"; };
		FA2992741B4AA5EA0088DC7E /* CourseListView67.xib */ = {isa = PBXFileReference; fileEncoding = 4; lastKnownFileType = file.xib; path = CourseListView67.xib; sourceTree = "<group>"; };
		FA2B31471B4BC5F600C040BD /* SectionView.h */ = {isa = PBXFileReference; fileEncoding = 4; lastKnownFileType = sourcecode.c.h; path = SectionView.h; sourceTree = "<group>"; };
		FA2B31481B4BC5F600C040BD /* SectionView.m */ = {isa = PBXFileReference; fileEncoding = 4; lastKnownFileType = sourcecode.c.objc; path = SectionView.m; sourceTree = "<group>"; };
		FA2B314A1B4BC60B00C040BD /* SectionView.xib */ = {isa = PBXFileReference; fileEncoding = 4; lastKnownFileType = file.xib; path = SectionView.xib; sourceTree = "<group>"; };
		FA2B314C1B4C02E900C040BD /* WeekDayButton.h */ = {isa = PBXFileReference; fileEncoding = 4; lastKnownFileType = sourcecode.c.h; path = WeekDayButton.h; sourceTree = "<group>"; };
		FA2B314D1B4C02E900C040BD /* WeekDayButton.m */ = {isa = PBXFileReference; fileEncoding = 4; lastKnownFileType = sourcecode.c.objc; path = WeekDayButton.m; sourceTree = "<group>"; };
		FA2B314F1B4C030500C040BD /* WeekDayButton.xib */ = {isa = PBXFileReference; fileEncoding = 4; lastKnownFileType = file.xib; path = WeekDayButton.xib; sourceTree = "<group>"; };
		FA41B00B1B4667BC0043A439 /* ssdutAssistant.app */ = {isa = PBXFileReference; explicitFileType = wrapper.application; includeInIndex = 0; path = ssdutAssistant.app; sourceTree = BUILT_PRODUCTS_DIR; };
		FA41B00F1B4667BC0043A439 /* Info.plist */ = {isa = PBXFileReference; lastKnownFileType = text.plist.xml; path = Info.plist; sourceTree = "<group>"; };
		FA41B0101B4667BC0043A439 /* main.m */ = {isa = PBXFileReference; lastKnownFileType = sourcecode.c.objc; path = main.m; sourceTree = "<group>"; };
		FA41B0121B4667BC0043A439 /* AppDelegate.h */ = {isa = PBXFileReference; lastKnownFileType = sourcecode.c.h; path = AppDelegate.h; sourceTree = "<group>"; };
		FA41B0131B4667BC0043A439 /* AppDelegate.m */ = {isa = PBXFileReference; lastKnownFileType = sourcecode.c.objc; path = AppDelegate.m; sourceTree = "<group>"; };
		FA41B0191B4667BC0043A439 /* Base */ = {isa = PBXFileReference; lastKnownFileType = file.storyboard; name = Base; path = Base.lproj/Main.storyboard; sourceTree = "<group>"; };
		FA41B01B1B4667BC0043A439 /* Images.xcassets */ = {isa = PBXFileReference; lastKnownFileType = folder.assetcatalog; path = Images.xcassets; sourceTree = "<group>"; };
		FA41B01E1B4667BC0043A439 /* Base */ = {isa = PBXFileReference; lastKnownFileType = file.xib; name = Base; path = Base.lproj/LaunchScreen.xib; sourceTree = "<group>"; };
		FA41B0241B4667BC0043A439 /* ssdutAssistantTests.xctest */ = {isa = PBXFileReference; explicitFileType = wrapper.cfbundle; includeInIndex = 0; path = ssdutAssistantTests.xctest; sourceTree = BUILT_PRODUCTS_DIR; };
		FA41B0291B4667BC0043A439 /* Info.plist */ = {isa = PBXFileReference; lastKnownFileType = text.plist.xml; path = Info.plist; sourceTree = "<group>"; };
		FA41B02A1B4667BC0043A439 /* ssdutAssistantTests.m */ = {isa = PBXFileReference; lastKnownFileType = sourcecode.c.objc; path = ssdutAssistantTests.m; sourceTree = "<group>"; };
		FA5B71D11B4781DE00F6870C /* BigTableViewCell.h */ = {isa = PBXFileReference; fileEncoding = 4; lastKnownFileType = sourcecode.c.h; path = BigTableViewCell.h; sourceTree = "<group>"; };
		FA5B71D21B4781DE00F6870C /* BigTableViewCell.m */ = {isa = PBXFileReference; fileEncoding = 4; lastKnownFileType = sourcecode.c.objc; path = BigTableViewCell.m; sourceTree = "<group>"; };
		FA5B71D31B4781DE00F6870C /* BigTableViewCell.xib */ = {isa = PBXFileReference; fileEncoding = 4; lastKnownFileType = file.xib; path = BigTableViewCell.xib; sourceTree = "<group>"; };
		FA5B71D61B4781F400F6870C /* SmallTableViewCell.h */ = {isa = PBXFileReference; fileEncoding = 4; lastKnownFileType = sourcecode.c.h; path = SmallTableViewCell.h; sourceTree = "<group>"; };
		FA5B71D71B4781F400F6870C /* SmallTableViewCell.m */ = {isa = PBXFileReference; fileEncoding = 4; lastKnownFileType = sourcecode.c.objc; path = SmallTableViewCell.m; sourceTree = "<group>"; };
		FA5B71D81B4781F400F6870C /* SmallTableViewCell.xib */ = {isa = PBXFileReference; fileEncoding = 4; lastKnownFileType = file.xib; path = SmallTableViewCell.xib; sourceTree = "<group>"; };
		FA5B71DB1B47841500F6870C /* EmptyTableViewCell.h */ = {isa = PBXFileReference; fileEncoding = 4; lastKnownFileType = sourcecode.c.h; path = EmptyTableViewCell.h; sourceTree = "<group>"; };
		FA5B71DC1B47841500F6870C /* EmptyTableViewCell.m */ = {isa = PBXFileReference; fileEncoding = 4; lastKnownFileType = sourcecode.c.objc; path = EmptyTableViewCell.m; sourceTree = "<group>"; };
		FA5B71DD1B47841500F6870C /* EmptyTableViewCell.xib */ = {isa = PBXFileReference; fileEncoding = 4; lastKnownFileType = file.xib; path = EmptyTableViewCell.xib; sourceTree = "<group>"; };
		FA5B71E11B47AB4700F6870C /* UITableView+Register.h */ = {isa = PBXFileReference; fileEncoding = 4; lastKnownFileType = sourcecode.c.h; path = "UITableView+Register.h"; sourceTree = "<group>"; };
		FA5B71E21B47AB4700F6870C /* UITableView+Register.m */ = {isa = PBXFileReference; fileEncoding = 4; lastKnownFileType = sourcecode.c.objc; path = "UITableView+Register.m"; sourceTree = "<group>"; };
		FA5B71E71B47DFC500F6870C /* ERPCourseViewController.h */ = {isa = PBXFileReference; fileEncoding = 4; lastKnownFileType = sourcecode.c.h; path = ERPCourseViewController.h; sourceTree = "<group>"; };
		FA5B71E81B47DFC500F6870C /* ERPCourseViewController.m */ = {isa = PBXFileReference; fileEncoding = 4; lastKnownFileType = sourcecode.c.objc; path = ERPCourseViewController.m; sourceTree = "<group>"; };
		FA5B71ED1B4809A500F6870C /* ERPLibraryViewController.h */ = {isa = PBXFileReference; fileEncoding = 4; lastKnownFileType = sourcecode.c.h; path = ERPLibraryViewController.h; sourceTree = "<group>"; };
		FA5B71EE1B4809A500F6870C /* ERPLibraryViewController.m */ = {isa = PBXFileReference; fileEncoding = 4; lastKnownFileType = sourcecode.c.objc; path = ERPLibraryViewController.m; sourceTree = "<group>"; };
		FA5B71EF1B4809A600F6870C /* ERPLibraryViewController.xib */ = {isa = PBXFileReference; fileEncoding = 4; lastKnownFileType = file.xib; path = ERPLibraryViewController.xib; sourceTree = "<group>"; };
		FA5B71F71B480A5900F6870C /* ERPScoreViewController.h */ = {isa = PBXFileReference; fileEncoding = 4; lastKnownFileType = sourcecode.c.h; path = ERPScoreViewController.h; sourceTree = "<group>"; };
		FA5B71F81B480A5900F6870C /* ERPScoreViewController.m */ = {isa = PBXFileReference; fileEncoding = 4; lastKnownFileType = sourcecode.c.objc; path = ERPScoreViewController.m; sourceTree = "<group>"; };
		FA5B71F91B480A5900F6870C /* ERPScoreViewController.xib */ = {isa = PBXFileReference; fileEncoding = 4; lastKnownFileType = file.xib; path = ERPScoreViewController.xib; sourceTree = "<group>"; };
		FA5B71FC1B480A7700F6870C /* ERPExamViewController.h */ = {isa = PBXFileReference; fileEncoding = 4; lastKnownFileType = sourcecode.c.h; path = ERPExamViewController.h; sourceTree = "<group>"; };
		FA5B71FD1B480A7700F6870C /* ERPExamViewController.m */ = {isa = PBXFileReference; fileEncoding = 4; lastKnownFileType = sourcecode.c.objc; path = ERPExamViewController.m; sourceTree = "<group>"; };
		FA5B71FE1B480A7700F6870C /* ERPExamViewController.xib */ = {isa = PBXFileReference; fileEncoding = 4; lastKnownFileType = file.xib; path = ERPExamViewController.xib; sourceTree = "<group>"; };
		FA5B72011B480A8900F6870C /* ERPDUTViewController.h */ = {isa = PBXFileReference; fileEncoding = 4; lastKnownFileType = sourcecode.c.h; path = ERPDUTViewController.h; sourceTree = "<group>"; };
		FA5B72021B480A8900F6870C /* ERPDUTViewController.m */ = {isa = PBXFileReference; fileEncoding = 4; lastKnownFileType = sourcecode.c.objc; path = ERPDUTViewController.m; sourceTree = "<group>"; };
		FA5B72031B480A8900F6870C /* ERPDUTViewController.xib */ = {isa = PBXFileReference; fileEncoding = 4; lastKnownFileType = file.xib; path = ERPDUTViewController.xib; sourceTree = "<group>"; };
		FA5B72061B480A9B00F6870C /* ERPSSDUTViewController.h */ = {isa = PBXFileReference; fileEncoding = 4; lastKnownFileType = sourcecode.c.h; path = ERPSSDUTViewController.h; sourceTree = "<group>"; };
		FA5B72071B480A9B00F6870C /* ERPSSDUTViewController.m */ = {isa = PBXFileReference; fileEncoding = 4; lastKnownFileType = sourcecode.c.objc; path = ERPSSDUTViewController.m; sourceTree = "<group>"; };
		FA5B72081B480A9B00F6870C /* ERPSSDUTViewController.xib */ = {isa = PBXFileReference; fileEncoding = 4; lastKnownFileType = file.xib; path = ERPSSDUTViewController.xib; sourceTree = "<group>"; };
		FA5B720B1B480AB300F6870C /* ERPNoticeViewController.h */ = {isa = PBXFileReference; fileEncoding = 4; lastKnownFileType = sourcecode.c.h; path = ERPNoticeViewController.h; sourceTree = "<group>"; };
		FA5B720C1B480AB300F6870C /* ERPNoticeViewController.m */ = {isa = PBXFileReference; fileEncoding = 4; lastKnownFileType = sourcecode.c.objc; path = ERPNoticeViewController.m; sourceTree = "<group>"; };
		FA5B720D1B480AB300F6870C /* ERPNoticeViewController.xib */ = {isa = PBXFileReference; fileEncoding = 4; lastKnownFileType = file.xib; path = ERPNoticeViewController.xib; sourceTree = "<group>"; };
		FA5B72101B480C2700F6870C /* ERPHeader.h */ = {isa = PBXFileReference; fileEncoding = 4; lastKnownFileType = sourcecode.c.h; path = ERPHeader.h; sourceTree = "<group>"; };
/* End PBXFileReference section */

/* Begin PBXFrameworksBuildPhase section */
		FA41B0081B4667BC0043A439 /* Frameworks */ = {
			isa = PBXFrameworksBuildPhase;
			buildActionMask = 2147483647;
			files = (
				5DA5EFC3486DB763A62D0011 /* libPods.a in Frameworks */,
			);
			runOnlyForDeploymentPostprocessing = 0;
		};
		FA41B0211B4667BC0043A439 /* Frameworks */ = {
			isa = PBXFrameworksBuildPhase;
			buildActionMask = 2147483647;
			files = (
			);
			runOnlyForDeploymentPostprocessing = 0;
		};
/* End PBXFrameworksBuildPhase section */

/* Begin PBXGroup section */
		18C744681B46E5D200FAAC12 /* Main */ = {
			isa = PBXGroup;
			children = (
				18C744731B46F25000FAAC12 /* TabBarViewController.h */,
				18C744741B46F25000FAAC12 /* TabBarViewController.m */,
				18C7447B1B46F2AE00FAAC12 /* ERP */,
				18C7447C1B46F2F600FAAC12 /* Discovery */,
				18C7447D1B46F33300FAAC12 /* Mine */,
			);
			name = Main;
			sourceTree = "<group>";
		};
		18C744711B46F02A00FAAC12 /* Config */ = {
			isa = PBXGroup;
			children = (
				18C744721B46F04800FAAC12 /* Global.h */,
			);
			name = Config;
			sourceTree = "<group>";
		};
		18C7447B1B46F2AE00FAAC12 /* ERP */ = {
			isa = PBXGroup;
			children = (
				FA5B72101B480C2700F6870C /* ERPHeader.h */,
				18C744761B46F2A900FAAC12 /* ERPViewController.h */,
				18C744771B46F2A900FAAC12 /* ERPViewController.m */,
				18C744781B46F2A900FAAC12 /* ERPViewController.xib */,
				FA5B71D01B477EB600F6870C /* ERPcells */,
				FA5B71E61B47DF7A00F6870C /* Course */,
				FA5B71EC1B48095500F6870C /* Library */,
				FA5B71F21B4809B000F6870C /* Score */,
				FA5B71F31B4809DF00F6870C /* Exam */,
				FA5B71F41B4809F500F6870C /* DUTNews */,
				FA5B71F51B480A1300F6870C /* SSDUTNews */,
				FA5B71F61B480A3A00F6870C /* Notice */,
			);
			name = ERP;
			sourceTree = "<group>";
		};
		18C7447C1B46F2F600FAAC12 /* Discovery */ = {
			isa = PBXGroup;
			children = (
				18C744811B46F3FF00FAAC12 /* DiscoveryViewController.h */,
				18C744821B46F3FF00FAAC12 /* DiscoveryViewController.m */,
				18C744831B46F3FF00FAAC12 /* DiscoveryViewController.xib */,
			);
			name = Discovery;
			sourceTree = "<group>";
		};
		18C7447D1B46F33300FAAC12 /* Mine */ = {
			isa = PBXGroup;
			children = (
				18C744891B46F42400FAAC12 /* MineViewController.h */,
				18C7448A1B46F42400FAAC12 /* MineViewController.m */,
				18C7448B1B46F42400FAAC12 /* MineViewController.xib */,
			);
			name = Mine;
			sourceTree = "<group>";
		};
		18C7447E1B46F38F00FAAC12 /* App */ = {
			isa = PBXGroup;
			children = (
				FA41B0121B4667BC0043A439 /* AppDelegate.h */,
				FA41B0131B4667BC0043A439 /* AppDelegate.m */,
				18C7446B1B46E7B400FAAC12 /* PrefixHeader.pch */,
			);
			name = App;
			sourceTree = "<group>";
		};
		18C7447F1B46F3BC00FAAC12 /* Resource */ = {
			isa = PBXGroup;
			children = (
				FA41B01B1B4667BC0043A439 /* Images.xcassets */,
				18C744801B46F3CA00FAAC12 /* InterfaceBuilder */,
			);
			name = Resource;
			sourceTree = "<group>";
		};
		18C744801B46F3CA00FAAC12 /* InterfaceBuilder */ = {
			isa = PBXGroup;
			children = (
				FA41B0181B4667BC0043A439 /* Main.storyboard */,
				FA41B01D1B4667BC0043A439 /* LaunchScreen.xib */,
			);
			name = InterfaceBuilder;
			sourceTree = "<group>";
		};
		2D05C114988520FF674AD478 /* Frameworks */ = {
			isa = PBXGroup;
			children = (
				7F80B9DAA5891B616BB885AB /* libPods.a */,
			);
			name = Frameworks;
			sourceTree = "<group>";
		};
		96BD4A8B5BC9DF676BC79FF3 /* Pods */ = {
			isa = PBXGroup;
			children = (
				97BF9F495517C0E0041B4FF3 /* Pods.debug.xcconfig */,
				B86CB6CD495D749AEDC5F8D4 /* Pods.release.xcconfig */,
			);
			name = Pods;
			sourceTree = "<group>";
		};
		FA29926C1B4A802F0088DC7E /* CourseListVIew */ = {
			isa = PBXGroup;
			children = (
				FA29926D1B4A85A40088DC7E /* CourseListView.h */,
				FA29926E1B4A85A40088DC7E /* CourseListView.m */,
				FA2992741B4AA5EA0088DC7E /* CourseListView67.xib */,
				FA2992721B4AA5510088DC7E /* CourseListView56.xib */,
				FA2B31461B4BC5A700C040BD /* CourseListItems */,
			);
			name = CourseListVIew;
			sourceTree = "<group>";
		};
		FA2B31461B4BC5A700C040BD /* CourseListItems */ = {
			isa = PBXGroup;
			children = (
				FA2B31471B4BC5F600C040BD /* SectionView.h */,
				FA2B31481B4BC5F600C040BD /* SectionView.m */,
				FA2B314A1B4BC60B00C040BD /* SectionView.xib */,
				FA2B314C1B4C02E900C040BD /* WeekDayButton.h */,
				FA2B314D1B4C02E900C040BD /* WeekDayButton.m */,
				FA2B314F1B4C030500C040BD /* WeekDayButton.xib */,
				1873B6DF1B4CDFD900B5E1AE /* VerticalViewCell.h */,
				1873B6E01B4CDFD900B5E1AE /* VerticalViewCell.m */,
				1873B6E11B4CDFD900B5E1AE /* VerticalViewCell.xib */,
			);
			name = CourseListItems;
			sourceTree = "<group>";
		};
		FA41B0021B4667BC0043A439 = {
			isa = PBXGroup;
			children = (
				FA41B00D1B4667BC0043A439 /* ssdutAssistant */,
				FA41B0271B4667BC0043A439 /* ssdutAssistantTests */,
				FA41B00C1B4667BC0043A439 /* Products */,
				96BD4A8B5BC9DF676BC79FF3 /* Pods */,
				2D05C114988520FF674AD478 /* Frameworks */,
			);
			sourceTree = "<group>";
		};
		FA41B00C1B4667BC0043A439 /* Products */ = {
			isa = PBXGroup;
			children = (
				FA41B00B1B4667BC0043A439 /* ssdutAssistant.app */,
				FA41B0241B4667BC0043A439 /* ssdutAssistantTests.xctest */,
			);
			name = Products;
			sourceTree = "<group>";
		};
		FA41B00D1B4667BC0043A439 /* ssdutAssistant */ = {
			isa = PBXGroup;
			children = (
				18C7447E1B46F38F00FAAC12 /* App */,
				18C744711B46F02A00FAAC12 /* Config */,
				FA5B71E01B47A8CE00F6870C /* Category */,
				18C744681B46E5D200FAAC12 /* Main */,
				18C7447F1B46F3BC00FAAC12 /* Resource */,
				FA41B00E1B4667BC0043A439 /* Supporting Files */,
			);
			path = ssdutAssistant;
			sourceTree = "<group>";
		};
		FA41B00E1B4667BC0043A439 /* Supporting Files */ = {
			isa = PBXGroup;
			children = (
				FA41B00F1B4667BC0043A439 /* Info.plist */,
				FA41B0101B4667BC0043A439 /* main.m */,
			);
			name = "Supporting Files";
			sourceTree = "<group>";
		};
		FA41B0271B4667BC0043A439 /* ssdutAssistantTests */ = {
			isa = PBXGroup;
			children = (
				FA41B02A1B4667BC0043A439 /* ssdutAssistantTests.m */,
				FA41B0281B4667BC0043A439 /* Supporting Files */,
			);
			path = ssdutAssistantTests;
			sourceTree = "<group>";
		};
		FA41B0281B4667BC0043A439 /* Supporting Files */ = {
			isa = PBXGroup;
			children = (
				FA41B0291B4667BC0043A439 /* Info.plist */,
			);
			name = "Supporting Files";
			sourceTree = "<group>";
		};
		FA5B71D01B477EB600F6870C /* ERPcells */ = {
			isa = PBXGroup;
			children = (
				FA5B71D11B4781DE00F6870C /* BigTableViewCell.h */,
				FA5B71D21B4781DE00F6870C /* BigTableViewCell.m */,
				FA5B71D31B4781DE00F6870C /* BigTableViewCell.xib */,
				FA5B71D61B4781F400F6870C /* SmallTableViewCell.h */,
				FA5B71D71B4781F400F6870C /* SmallTableViewCell.m */,
				FA5B71D81B4781F400F6870C /* SmallTableViewCell.xib */,
				FA5B71DB1B47841500F6870C /* EmptyTableViewCell.h */,
				FA5B71DC1B47841500F6870C /* EmptyTableViewCell.m */,
				FA5B71DD1B47841500F6870C /* EmptyTableViewCell.xib */,
			);
			name = ERPcells;
			sourceTree = "<group>";
		};
		FA5B71E01B47A8CE00F6870C /* Category */ = {
			isa = PBXGroup;
			children = (
				FA5B71E11B47AB4700F6870C /* UITableView+Register.h */,
				FA5B71E21B47AB4700F6870C /* UITableView+Register.m */,
			);
			name = Category;
			sourceTree = "<group>";
		};
		FA5B71E61B47DF7A00F6870C /* Course */ = {
			isa = PBXGroup;
			children = (
				FA5B71E71B47DFC500F6870C /* ERPCourseViewController.h */,
				FA5B71E81B47DFC500F6870C /* ERPCourseViewController.m */,
				FA29926C1B4A802F0088DC7E /* CourseListVIew */,
			);
			name = Course;
			sourceTree = "<group>";
		};
		FA5B71EC1B48095500F6870C /* Library */ = {
			isa = PBXGroup;
			children = (
				FA5B71ED1B4809A500F6870C /* ERPLibraryViewController.h */,
				FA5B71EE1B4809A500F6870C /* ERPLibraryViewController.m */,
				FA5B71EF1B4809A600F6870C /* ERPLibraryViewController.xib */,
			);
			name = Library;
			sourceTree = "<group>";
		};
		FA5B71F21B4809B000F6870C /* Score */ = {
			isa = PBXGroup;
			children = (
				FA5B71F71B480A5900F6870C /* ERPScoreViewController.h */,
				FA5B71F81B480A5900F6870C /* ERPScoreViewController.m */,
				FA5B71F91B480A5900F6870C /* ERPScoreViewController.xib */,
			);
			name = Score;
			sourceTree = "<group>";
		};
		FA5B71F31B4809DF00F6870C /* Exam */ = {
			isa = PBXGroup;
			children = (
				FA5B71FC1B480A7700F6870C /* ERPExamViewController.h */,
				FA5B71FD1B480A7700F6870C /* ERPExamViewController.m */,
				FA5B71FE1B480A7700F6870C /* ERPExamViewController.xib */,
			);
			name = Exam;
			sourceTree = "<group>";
		};
		FA5B71F41B4809F500F6870C /* DUTNews */ = {
			isa = PBXGroup;
			children = (
				FA5B72011B480A8900F6870C /* ERPDUTViewController.h */,
				FA5B72021B480A8900F6870C /* ERPDUTViewController.m */,
				FA5B72031B480A8900F6870C /* ERPDUTViewController.xib */,
			);
			name = DUTNews;
			sourceTree = "<group>";
		};
		FA5B71F51B480A1300F6870C /* SSDUTNews */ = {
			isa = PBXGroup;
			children = (
				FA5B72061B480A9B00F6870C /* ERPSSDUTViewController.h */,
				FA5B72071B480A9B00F6870C /* ERPSSDUTViewController.m */,
				FA5B72081B480A9B00F6870C /* ERPSSDUTViewController.xib */,
			);
			name = SSDUTNews;
			sourceTree = "<group>";
		};
		FA5B71F61B480A3A00F6870C /* Notice */ = {
			isa = PBXGroup;
			children = (
				FA5B720B1B480AB300F6870C /* ERPNoticeViewController.h */,
				FA5B720C1B480AB300F6870C /* ERPNoticeViewController.m */,
				FA5B720D1B480AB300F6870C /* ERPNoticeViewController.xib */,
			);
			name = Notice;
			sourceTree = "<group>";
		};
/* End PBXGroup section */

/* Begin PBXNativeTarget section */
		FA41B00A1B4667BC0043A439 /* ssdutAssistant */ = {
			isa = PBXNativeTarget;
			buildConfigurationList = FA41B02E1B4667BC0043A439 /* Build configuration list for PBXNativeTarget "ssdutAssistant" */;
			buildPhases = (
				D561EAA21B0B6CA30043D70C /* Check Pods Manifest.lock */,
				FA41B0071B4667BC0043A439 /* Sources */,
				FA41B0081B4667BC0043A439 /* Frameworks */,
				FA41B0091B4667BC0043A439 /* Resources */,
				09723D1C6D9C551CE3258D1F /* Copy Pods Resources */,
			);
			buildRules = (
			);
			dependencies = (
			);
			name = ssdutAssistant;
			productName = ssdutAssistant;
			productReference = FA41B00B1B4667BC0043A439 /* ssdutAssistant.app */;
			productType = "com.apple.product-type.application";
		};
		FA41B0231B4667BC0043A439 /* ssdutAssistantTests */ = {
			isa = PBXNativeTarget;
			buildConfigurationList = FA41B0311B4667BC0043A439 /* Build configuration list for PBXNativeTarget "ssdutAssistantTests" */;
			buildPhases = (
				FA41B0201B4667BC0043A439 /* Sources */,
				FA41B0211B4667BC0043A439 /* Frameworks */,
				FA41B0221B4667BC0043A439 /* Resources */,
			);
			buildRules = (
			);
			dependencies = (
				FA41B0261B4667BC0043A439 /* PBXTargetDependency */,
			);
			name = ssdutAssistantTests;
			productName = ssdutAssistantTests;
			productReference = FA41B0241B4667BC0043A439 /* ssdutAssistantTests.xctest */;
			productType = "com.apple.product-type.bundle.unit-test";
		};
/* End PBXNativeTarget section */

/* Begin PBXProject section */
		FA41B0031B4667BC0043A439 /* Project object */ = {
			isa = PBXProject;
			attributes = {
				LastUpgradeCheck = 0630;
				ORGANIZATIONNAME = OurEDA;
				TargetAttributes = {
					FA41B00A1B4667BC0043A439 = {
						CreatedOnToolsVersion = 6.3.2;
					};
					FA41B0231B4667BC0043A439 = {
						CreatedOnToolsVersion = 6.3.2;
						TestTargetID = FA41B00A1B4667BC0043A439;
					};
				};
			};
			buildConfigurationList = FA41B0061B4667BC0043A439 /* Build configuration list for PBXProject "ssdutAssistant" */;
			compatibilityVersion = "Xcode 3.2";
			developmentRegion = English;
			hasScannedForEncodings = 0;
			knownRegions = (
				en,
				Base,
			);
			mainGroup = FA41B0021B4667BC0043A439;
			productRefGroup = FA41B00C1B4667BC0043A439 /* Products */;
			projectDirPath = "";
			projectRoot = "";
			targets = (
				FA41B00A1B4667BC0043A439 /* ssdutAssistant */,
				FA41B0231B4667BC0043A439 /* ssdutAssistantTests */,
			);
		};
/* End PBXProject section */

/* Begin PBXResourcesBuildPhase section */
		FA41B0091B4667BC0043A439 /* Resources */ = {
			isa = PBXResourcesBuildPhase;
			buildActionMask = 2147483647;
			files = (
				FA5B72051B480A8900F6870C /* ERPDUTViewController.xib in Resources */,
				FA5B71DF1B47841500F6870C /* EmptyTableViewCell.xib in Resources */,
				FA2992731B4AA5510088DC7E /* CourseListView56.xib in Resources */,
				FA5B720A1B480A9B00F6870C /* ERPSSDUTViewController.xib in Resources */,
				FA5B720F1B480AB300F6870C /* ERPNoticeViewController.xib in Resources */,
				18C7447A1B46F2A900FAAC12 /* ERPViewController.xib in Resources */,
				FA41B01A1B4667BC0043A439 /* Main.storyboard in Resources */,
				FA41B01F1B4667BC0043A439 /* LaunchScreen.xib in Resources */,
				FA5B71DA1B4781F400F6870C /* SmallTableViewCell.xib in Resources */,
				FA2B31501B4C030500C040BD /* WeekDayButton.xib in Resources */,
				FA41B01C1B4667BC0043A439 /* Images.xcassets in Resources */,
				18C744851B46F3FF00FAAC12 /* DiscoveryViewController.xib in Resources */,
				FA5B71D51B4781DE00F6870C /* BigTableViewCell.xib in Resources */,
				FA5B71FB1B480A5900F6870C /* ERPScoreViewController.xib in Resources */,
				18C7448D1B46F42400FAAC12 /* MineViewController.xib in Resources */,
				FA5B71F11B4809A600F6870C /* ERPLibraryViewController.xib in Resources */,
				FA2992751B4AA5EA0088DC7E /* CourseListView67.xib in Resources */,
				FA2B314B1B4BC60B00C040BD /* SectionView.xib in Resources */,
				1873B6E31B4CDFD900B5E1AE /* VerticalViewCell.xib in Resources */,
				FA5B72001B480A7700F6870C /* ERPExamViewController.xib in Resources */,
			);
			runOnlyForDeploymentPostprocessing = 0;
		};
		FA41B0221B4667BC0043A439 /* Resources */ = {
			isa = PBXResourcesBuildPhase;
			buildActionMask = 2147483647;
			files = (
			);
			runOnlyForDeploymentPostprocessing = 0;
		};
/* End PBXResourcesBuildPhase section */

/* Begin PBXShellScriptBuildPhase section */
		09723D1C6D9C551CE3258D1F /* Copy Pods Resources */ = {
			isa = PBXShellScriptBuildPhase;
			buildActionMask = 2147483647;
			files = (
			);
			inputPaths = (
			);
			name = "Copy Pods Resources";
			outputPaths = (
			);
			runOnlyForDeploymentPostprocessing = 0;
			shellPath = /bin/sh;
			shellScript = "\"${SRCROOT}/Pods/Target Support Files/Pods/Pods-resources.sh\"\n";
			showEnvVarsInLog = 0;
		};
		D561EAA21B0B6CA30043D70C /* Check Pods Manifest.lock */ = {
			isa = PBXShellScriptBuildPhase;
			buildActionMask = 2147483647;
			files = (
			);
			inputPaths = (
			);
			name = "Check Pods Manifest.lock";
			outputPaths = (
			);
			runOnlyForDeploymentPostprocessing = 0;
			shellPath = /bin/sh;
			shellScript = "diff \"${PODS_ROOT}/../Podfile.lock\" \"${PODS_ROOT}/Manifest.lock\" > /dev/null\nif [[ $? != 0 ]] ; then\n    cat << EOM\nerror: The sandbox is not in sync with the Podfile.lock. Run 'pod install' or update your CocoaPods installation.\nEOM\n    exit 1\nfi\n";
			showEnvVarsInLog = 0;
		};
/* End PBXShellScriptBuildPhase section */

/* Begin PBXSourcesBuildPhase section */
		FA41B0071B4667BC0043A439 /* Sources */ = {
			isa = PBXSourcesBuildPhase;
			buildActionMask = 2147483647;
			files = (
				FA2B314E1B4C02E900C040BD /* WeekDayButton.m in Sources */,
				FA5B720E1B480AB300F6870C /* ERPNoticeViewController.m in Sources */,
				FA29926F1B4A85A40088DC7E /* CourseListView.m in Sources */,
				1873B6E21B4CDFD900B5E1AE /* VerticalViewCell.m in Sources */,
				18C744791B46F2A900FAAC12 /* ERPViewController.m in Sources */,
				18C744751B46F25000FAAC12 /* TabBarViewController.m in Sources */,
				FA5B71D41B4781DE00F6870C /* BigTableViewCell.m in Sources */,
				FA5B71FA1B480A5900F6870C /* ERPScoreViewController.m in Sources */,
				FA5B71D91B4781F400F6870C /* SmallTableViewCell.m in Sources */,
				FA5B71DE1B47841500F6870C /* EmptyTableViewCell.m in Sources */,
				FA5B72041B480A8900F6870C /* ERPDUTViewController.m in Sources */,
				FA41B0141B4667BC0043A439 /* AppDelegate.m in Sources */,
				FA5B71E31B47AB4700F6870C /* UITableView+Register.m in Sources */,
				FA2B31491B4BC5F600C040BD /* SectionView.m in Sources */,
				18C7448C1B46F42400FAAC12 /* MineViewController.m in Sources */,
				FA5B71F01B4809A600F6870C /* ERPLibraryViewController.m in Sources */,
				FA41B0111B4667BC0043A439 /* main.m in Sources */,
				FA5B72091B480A9B00F6870C /* ERPSSDUTViewController.m in Sources */,
				FA5B71EA1B47DFC500F6870C /* ERPCourseViewController.m in Sources */,
				18C744841B46F3FF00FAAC12 /* DiscoveryViewController.m in Sources */,
				FA5B71FF1B480A7700F6870C /* ERPExamViewController.m in Sources */,
			);
			runOnlyForDeploymentPostprocessing = 0;
		};
		FA41B0201B4667BC0043A439 /* Sources */ = {
			isa = PBXSourcesBuildPhase;
			buildActionMask = 2147483647;
			files = (
				FA41B02B1B4667BC0043A439 /* ssdutAssistantTests.m in Sources */,
			);
			runOnlyForDeploymentPostprocessing = 0;
		};
/* End PBXSourcesBuildPhase section */

/* Begin PBXTargetDependency section */
		FA41B0261B4667BC0043A439 /* PBXTargetDependency */ = {
			isa = PBXTargetDependency;
			target = FA41B00A1B4667BC0043A439 /* ssdutAssistant */;
			targetProxy = FA41B0251B4667BC0043A439 /* PBXContainerItemProxy */;
		};
/* End PBXTargetDependency section */

/* Begin PBXVariantGroup section */
		FA41B0181B4667BC0043A439 /* Main.storyboard */ = {
			isa = PBXVariantGroup;
			children = (
				FA41B0191B4667BC0043A439 /* Base */,
			);
			name = Main.storyboard;
			sourceTree = "<group>";
		};
		FA41B01D1B4667BC0043A439 /* LaunchScreen.xib */ = {
			isa = PBXVariantGroup;
			children = (
				FA41B01E1B4667BC0043A439 /* Base */,
			);
			name = LaunchScreen.xib;
			sourceTree = "<group>";
		};
/* End PBXVariantGroup section */

/* Begin XCBuildConfiguration section */
		FA41B02C1B4667BC0043A439 /* Debug */ = {
			isa = XCBuildConfiguration;
			buildSettings = {
				ALWAYS_SEARCH_USER_PATHS = NO;
				CLANG_CXX_LANGUAGE_STANDARD = "gnu++0x";
				CLANG_CXX_LIBRARY = "libc++";
				CLANG_ENABLE_MODULES = YES;
				CLANG_ENABLE_OBJC_ARC = YES;
				CLANG_WARN_BOOL_CONVERSION = YES;
				CLANG_WARN_CONSTANT_CONVERSION = YES;
				CLANG_WARN_DIRECT_OBJC_ISA_USAGE = YES_ERROR;
				CLANG_WARN_EMPTY_BODY = YES;
				CLANG_WARN_ENUM_CONVERSION = YES;
				CLANG_WARN_INT_CONVERSION = YES;
				CLANG_WARN_OBJC_ROOT_CLASS = YES_ERROR;
				CLANG_WARN_UNREACHABLE_CODE = YES;
				CLANG_WARN__DUPLICATE_METHOD_MATCH = YES;
				"CODE_SIGN_IDENTITY[sdk=iphoneos*]" = "iPhone Developer";
				COPY_PHASE_STRIP = NO;
				DEBUG_INFORMATION_FORMAT = "dwarf-with-dsym";
				ENABLE_STRICT_OBJC_MSGSEND = YES;
				GCC_C_LANGUAGE_STANDARD = gnu99;
				GCC_DYNAMIC_NO_PIC = NO;
				GCC_NO_COMMON_BLOCKS = YES;
				GCC_OPTIMIZATION_LEVEL = 0;
				GCC_PREPROCESSOR_DEFINITIONS = (
					"DEBUG=1",
					"$(inherited)",
				);
				GCC_SYMBOLS_PRIVATE_EXTERN = NO;
				GCC_WARN_64_TO_32_BIT_CONVERSION = YES;
				GCC_WARN_ABOUT_RETURN_TYPE = YES_ERROR;
				GCC_WARN_UNDECLARED_SELECTOR = YES;
				GCC_WARN_UNINITIALIZED_AUTOS = YES_AGGRESSIVE;
				GCC_WARN_UNUSED_FUNCTION = YES;
				GCC_WARN_UNUSED_VARIABLE = YES;
				IPHONEOS_DEPLOYMENT_TARGET = 7.0;
				MTL_ENABLE_DEBUG_INFO = YES;
				ONLY_ACTIVE_ARCH = YES;
				SDKROOT = iphoneos;
			};
			name = Debug;
		};
		FA41B02D1B4667BC0043A439 /* Release */ = {
			isa = XCBuildConfiguration;
			buildSettings = {
				ALWAYS_SEARCH_USER_PATHS = NO;
				CLANG_CXX_LANGUAGE_STANDARD = "gnu++0x";
				CLANG_CXX_LIBRARY = "libc++";
				CLANG_ENABLE_MODULES = YES;
				CLANG_ENABLE_OBJC_ARC = YES;
				CLANG_WARN_BOOL_CONVERSION = YES;
				CLANG_WARN_CONSTANT_CONVERSION = YES;
				CLANG_WARN_DIRECT_OBJC_ISA_USAGE = YES_ERROR;
				CLANG_WARN_EMPTY_BODY = YES;
				CLANG_WARN_ENUM_CONVERSION = YES;
				CLANG_WARN_INT_CONVERSION = YES;
				CLANG_WARN_OBJC_ROOT_CLASS = YES_ERROR;
				CLANG_WARN_UNREACHABLE_CODE = YES;
				CLANG_WARN__DUPLICATE_METHOD_MATCH = YES;
				"CODE_SIGN_IDENTITY[sdk=iphoneos*]" = "iPhone Developer";
				COPY_PHASE_STRIP = NO;
				DEBUG_INFORMATION_FORMAT = "dwarf-with-dsym";
				ENABLE_NS_ASSERTIONS = NO;
				ENABLE_STRICT_OBJC_MSGSEND = YES;
				GCC_C_LANGUAGE_STANDARD = gnu99;
				GCC_NO_COMMON_BLOCKS = YES;
				GCC_WARN_64_TO_32_BIT_CONVERSION = YES;
				GCC_WARN_ABOUT_RETURN_TYPE = YES_ERROR;
				GCC_WARN_UNDECLARED_SELECTOR = YES;
				GCC_WARN_UNINITIALIZED_AUTOS = YES_AGGRESSIVE;
				GCC_WARN_UNUSED_FUNCTION = YES;
				GCC_WARN_UNUSED_VARIABLE = YES;
				IPHONEOS_DEPLOYMENT_TARGET = 7.0;
				MTL_ENABLE_DEBUG_INFO = NO;
				SDKROOT = iphoneos;
				VALIDATE_PRODUCT = YES;
			};
			name = Release;
		};
		FA41B02F1B4667BC0043A439 /* Debug */ = {
			isa = XCBuildConfiguration;
			baseConfigurationReference = 97BF9F495517C0E0041B4FF3 /* Pods.debug.xcconfig */;
			buildSettings = {
				ASSETCATALOG_COMPILER_APPICON_NAME = AppIcon;
				CODE_SIGN_IDENTITY = "iPhone Developer";
				GCC_PRECOMPILE_PREFIX_HEADER = YES;
				GCC_PREFIX_HEADER = "$(SRCROOT)/ssdutAssistant/PrefixHeader.pch";
				INFOPLIST_FILE = ssdutAssistant/Info.plist;
				IPHONEOS_DEPLOYMENT_TARGET = 7.0;
				LD_RUNPATH_SEARCH_PATHS = "$(inherited) @executable_path/Frameworks";
				PRODUCT_NAME = "$(TARGET_NAME)";
			};
			name = Debug;
		};
		FA41B0301B4667BC0043A439 /* Release */ = {
			isa = XCBuildConfiguration;
			baseConfigurationReference = B86CB6CD495D749AEDC5F8D4 /* Pods.release.xcconfig */;
			buildSettings = {
				ASSETCATALOG_COMPILER_APPICON_NAME = AppIcon;
				CODE_SIGN_IDENTITY = "iPhone Developer";
				GCC_PRECOMPILE_PREFIX_HEADER = YES;
				GCC_PREFIX_HEADER = "$(SRCROOT)/ssdutAssistant/PrefixHeader.pch";
				INFOPLIST_FILE = ssdutAssistant/Info.plist;
				IPHONEOS_DEPLOYMENT_TARGET = 7.0;
				LD_RUNPATH_SEARCH_PATHS = "$(inherited) @executable_path/Frameworks";
				PRODUCT_NAME = "$(TARGET_NAME)";
			};
			name = Release;
		};
		FA41B0321B4667BC0043A439 /* Debug */ = {
			isa = XCBuildConfiguration;
			buildSettings = {
				BUNDLE_LOADER = "$(TEST_HOST)";
				FRAMEWORK_SEARCH_PATHS = (
					"$(SDKROOT)/Developer/Library/Frameworks",
					"$(inherited)",
				);
				GCC_PREPROCESSOR_DEFINITIONS = (
					"DEBUG=1",
					"$(inherited)",
				);
				INFOPLIST_FILE = ssdutAssistantTests/Info.plist;
				LD_RUNPATH_SEARCH_PATHS = "$(inherited) @executable_path/Frameworks @loader_path/Frameworks";
				PRODUCT_NAME = "$(TARGET_NAME)";
				TEST_HOST = "$(BUILT_PRODUCTS_DIR)/ssdutAssistant.app/ssdutAssistant";
			};
			name = Debug;
		};
		FA41B0331B4667BC0043A439 /* Release */ = {
			isa = XCBuildConfiguration;
			buildSettings = {
				BUNDLE_LOADER = "$(TEST_HOST)";
				FRAMEWORK_SEARCH_PATHS = (
					"$(SDKROOT)/Developer/Library/Frameworks",
					"$(inherited)",
				);
				INFOPLIST_FILE = ssdutAssistantTests/Info.plist;
				LD_RUNPATH_SEARCH_PATHS = "$(inherited) @executable_path/Frameworks @loader_path/Frameworks";
				PRODUCT_NAME = "$(TARGET_NAME)";
				TEST_HOST = "$(BUILT_PRODUCTS_DIR)/ssdutAssistant.app/ssdutAssistant";
			};
			name = Release;
		};
/* End XCBuildConfiguration section */

/* Begin XCConfigurationList section */
		FA41B0061B4667BC0043A439 /* Build configuration list for PBXProject "ssdutAssistant" */ = {
			isa = XCConfigurationList;
			buildConfigurations = (
				FA41B02C1B4667BC0043A439 /* Debug */,
				FA41B02D1B4667BC0043A439 /* Release */,
			);
			defaultConfigurationIsVisible = 0;
			defaultConfigurationName = Release;
		};
		FA41B02E1B4667BC0043A439 /* Build configuration list for PBXNativeTarget "ssdutAssistant" */ = {
			isa = XCConfigurationList;
			buildConfigurations = (
				FA41B02F1B4667BC0043A439 /* Debug */,
				FA41B0301B4667BC0043A439 /* Release */,
			);
			defaultConfigurationIsVisible = 0;
			defaultConfigurationName = Release;
		};
		FA41B0311B4667BC0043A439 /* Build configuration list for PBXNativeTarget "ssdutAssistantTests" */ = {
			isa = XCConfigurationList;
			buildConfigurations = (
				FA41B0321B4667BC0043A439 /* Debug */,
				FA41B0331B4667BC0043A439 /* Release */,
			);
			defaultConfigurationIsVisible = 0;
			defaultConfigurationName = Release;
		};
/* End XCConfigurationList section */
	};
	rootObject = FA41B0031B4667BC0043A439 /* Project object */;
}
